{
  "originHash" : "cf9c850d9b0f4c8fc764422a805a144c4b8408b64ff03a96bbb78b7839f1fdb2",
  "pins" : [
    {
      "identity" : "folibusapi",
      "kind" : "remoteSourceControl",
      "location" : "https://github.com/serotonincrash/FoliBusAPI",
      "state" : {
        "revision" : "9c1b11bc345f547ffbd2bb865fe93548ae4bf81c",
        "version" : "2.1.0"
      }
    },
    {
      "identity" : "forever",
      "kind" : "remoteSourceControl",
      "location" : "https://github.com/jiachenyee/Forever",
      "state" : {
        "revision" : "90274e87842722d9b79e61431cbbef1c418944b6",
        "version" : "1.1.0"
      }
    }
  ],
  "version" : 3
}
